// !$*UTF8*$!
{
	archiveVersion = 1;
	classes = {
	};
	objectVersion = 46;
	objects = {

/* Begin PBXBuildFile section */
		D5CB486119ECC83700DA5E5C /* Foundation.framework in Frameworks */ = {isa = PBXBuildFile; fileRef = D5CB486019ECC83700DA5E5C /* Foundation.framework */; };
		D5CB486319ECC83700DA5E5C /* CoreGraphics.framework in Frameworks */ = {isa = PBXBuildFile; fileRef = D5CB486219ECC83700DA5E5C /* CoreGraphics.framework */; };
		D5CB486519ECC83700DA5E5C /* UIKit.framework in Frameworks */ = {isa = PBXBuildFile; fileRef = D5CB486419ECC83700DA5E5C /* UIKit.framework */; };
		D5CB486B19ECC83700DA5E5C /* InfoPlist.strings in Resources */ = {isa = PBXBuildFile; fileRef = D5CB486919ECC83700DA5E5C /* InfoPlist.strings */; };
		D5CB486D19ECC83700DA5E5C /* main.m in Sources */ = {isa = PBXBuildFile; fileRef = D5CB486C19ECC83700DA5E5C /* main.m */; };
		D5CB487119ECC83700DA5E5C /* XYZAppDelegate.m in Sources */ = {isa = PBXBuildFile; fileRef = D5CB487019ECC83700DA5E5C /* XYZAppDelegate.m */; };
		D5CB487419ECC83700DA5E5C /* Main_iPhone.storyboard in Resources */ = {isa = PBXBuildFile; fileRef = D5CB487219ECC83700DA5E5C /* Main_iPhone.storyboard */; };
		D5CB487719ECC83700DA5E5C /* Main_iPad.storyboard in Resources */ = {isa = PBXBuildFile; fileRef = D5CB487519ECC83700DA5E5C /* Main_iPad.storyboard */; };
		D5CB487A19ECC83700DA5E5C /* XYZViewController.m in Sources */ = {isa = PBXBuildFile; fileRef = D5CB487919ECC83700DA5E5C /* XYZViewController.m */; };
		D5CB487C19ECC83700DA5E5C /* Images.xcassets in Resources */ = {isa = PBXBuildFile; fileRef = D5CB487B19ECC83700DA5E5C /* Images.xcassets */; };
		D5CB488319ECC83800DA5E5C /* XCTest.framework in Frameworks */ = {isa = PBXBuildFile; fileRef = D5CB488219ECC83800DA5E5C /* XCTest.framework */; };
		D5CB488419ECC83800DA5E5C /* Foundation.framework in Frameworks */ = {isa = PBXBuildFile; fileRef = D5CB486019ECC83700DA5E5C /* Foundation.framework */; };
		D5CB488519ECC83800DA5E5C /* UIKit.framework in Frameworks */ = {isa = PBXBuildFile; fileRef = D5CB486419ECC83700DA5E5C /* UIKit.framework */; };
		D5CB488D19ECC83800DA5E5C /* InfoPlist.strings in Resources */ = {isa = PBXBuildFile; fileRef = D5CB488B19ECC83800DA5E5C /* InfoPlist.strings */; };
		D5CB488F19ECC83800DA5E5C /* trainingTests.m in Sources */ = {isa = PBXBuildFile; fileRef = D5CB488E19ECC83800DA5E5C /* trainingTests.m */; };
/* End PBXBuildFile section */

/* Begin PBXContainerItemProxy section */
		D5CB488619ECC83800DA5E5C /* PBXContainerItemProxy */ = {
			isa = PBXContainerItemProxy;
			containerPortal = D5CB485519ECC83700DA5E5C /* Project object */;
			proxyType = 1;
			remoteGlobalIDString = D5CB485C19ECC83700DA5E5C;
			remoteInfo = training;
		};
/* End PBXContainerItemProxy section */

/* Begin PBXFileReference section */
		D5CB485D19ECC83700DA5E5C /* training.app */ = {isa = PBXFileReference; explicitFileType = wrapper.application; includeInIndex = 0; path = training.app; sourceTree = BUILT_PRODUCTS_DIR; };
		D5CB486019ECC83700DA5E5C /* Foundation.framework */ = {isa = PBXFileReference; lastKnownFileType = wrapper.framework; name = Foundation.framework; path = System/Library/Frameworks/Foundation.framework; sourceTree = SDKROOT; };
		D5CB486219ECC83700DA5E5C /* CoreGraphics.framework */ = {isa = PBXFileReference; lastKnownFileType = wrapper.framework; name = CoreGraphics.framework; path = System/Library/Frameworks/CoreGraphics.framework; sourceTree = SDKROOT; };
		D5CB486419ECC83700DA5E5C /* UIKit.framework */ = {isa = PBXFileReference; lastKnownFileType = wrapper.framework; name = UIKit.framework; path = System/Library/Frameworks/UIKit.framework; sourceTree = SDKROOT; };
		D5CB486819ECC83700DA5E5C /* training-Info.plist */ = {isa = PBXFileReference; lastKnownFileType = text.plist.xml; path = "training-Info.plist"; sourceTree = "<group>"; };
		D5CB486A19ECC83700DA5E5C /* en */ = {isa = PBXFileReference; lastKnownFileType = text.plist.strings; name = en; path = en.lproj/InfoPlist.strings; sourceTree = "<group>"; };
		D5CB486C19ECC83700DA5E5C /* main.m */ = {isa = PBXFileReference; lastKnownFileType = sourcecode.c.objc; path = main.m; sourceTree = "<group>"; };
		D5CB486E19ECC83700DA5E5C /* training-Prefix.pch */ = {isa = PBXFileReference; lastKnownFileType = sourcecode.c.h; path = "training-Prefix.pch"; sourceTree = "<group>"; };
		D5CB486F19ECC83700DA5E5C /* XYZAppDelegate.h */ = {isa = PBXFileReference; lastKnownFileType = sourcecode.c.h; path = XYZAppDelegate.h; sourceTree = "<group>"; };
		D5CB487019ECC83700DA5E5C /* XYZAppDelegate.m */ = {isa = PBXFileReference; lastKnownFileType = sourcecode.c.objc; path = XYZAppDelegate.m; sourceTree = "<group>"; };
		D5CB487319ECC83700DA5E5C /* Base */ = {isa = PBXFileReference; lastKnownFileType = file.storyboard; name = Base; path = Base.lproj/Main_iPhone.storyboard; sourceTree = "<group>"; };
		D5CB487619ECC83700DA5E5C /* Base */ = {isa = PBXFileReference; lastKnownFileType = file.storyboard; name = Base; path = Base.lproj/Main_iPad.storyboard; sourceTree = "<group>"; };
		D5CB487819ECC83700DA5E5C /* XYZViewController.h */ = {isa = PBXFileReference; lastKnownFileType = sourcecode.c.h; path = XYZViewController.h; sourceTree = "<group>"; };
		D5CB487919ECC83700DA5E5C /* XYZViewController.m */ = {isa = PBXFileReference; lastKnownFileType = sourcecode.c.objc; path = XYZViewController.m; sourceTree = "<group>"; };
		D5CB487B19ECC83700DA5E5C /* Images.xcassets */ = {isa = PBXFileReference; lastKnownFileType = folder.assetcatalog; path = Images.xcassets; sourceTree = "<group>"; };
		D5CB488119ECC83800DA5E5C /* trainingTests.xctest */ = {isa = PBXFileReference; explicitFileType = wrapper.cfbundle; includeInIndex = 0; path = trainingTests.xctest; sourceTree = BUILT_PRODUCTS_DIR; };
		D5CB488219ECC83800DA5E5C /* XCTest.framework */ = {isa = PBXFileReference; lastKnownFileType = wrapper.framework; name = XCTest.framework; path = Library/Frameworks/XCTest.framework; sourceTree = DEVELOPER_DIR; };
		D5CB488A19ECC83800DA5E5C /* trainingTests-Info.plist */ = {isa = PBXFileReference; lastKnownFileType = text.plist.xml; path = "trainingTests-Info.plist"; sourceTree = "<group>"; };
		D5CB488C19ECC83800DA5E5C /* en */ = {isa = PBXFileReference; lastKnownFileType = text.plist.strings; name = en; path = en.lproj/InfoPlist.strings; sourceTree = "<group>"; };
		D5CB488E19ECC83800DA5E5C /* trainingTests.m */ = {isa = PBXFileReference; lastKnownFileType = sourcecode.c.objc; path = trainingTests.m; sourceTree = "<group>"; };
/* End PBXFileReference section */

/* Begin PBXFrameworksBuildPhase section */
		D5CB485A19ECC83700DA5E5C /* Frameworks */ = {
			isa = PBXFrameworksBuildPhase;
			buildActionMask = 2147483647;
			files = (
				D5CB486319ECC83700DA5E5C /* CoreGraphics.framework in Frameworks */,
				D5CB486519ECC83700DA5E5C /* UIKit.framework in Frameworks */,
				D5CB486119ECC83700DA5E5C /* Foundation.framework in Frameworks */,
			);
			runOnlyForDeploymentPostprocessing = 0;
		};
		D5CB487E19ECC83800DA5E5C /* Frameworks */ = {
			isa = PBXFrameworksBuildPhase;
			buildActionMask = 2147483647;
			files = (
				D5CB488319ECC83800DA5E5C /* XCTest.framework in Frameworks */,
				D5CB488519ECC83800DA5E5C /* UIKit.framework in Frameworks */,
				D5CB488419ECC83800DA5E5C /* Foundation.framework in Frameworks */,
			);
			runOnlyForDeploymentPostprocessing = 0;
		};
/* End PBXFrameworksBuildPhase section */

/* Begin PBXGroup section */
		D5CB485419ECC83700DA5E5C = {
			isa = PBXGroup;
			children = (
				D5CB486619ECC83700DA5E5C /* training */,
				D5CB488819ECC83800DA5E5C /* trainingTests */,
				D5CB485F19ECC83700DA5E5C /* Frameworks */,
				D5CB485E19ECC83700DA5E5C /* Products */,
			);
			sourceTree = "<group>";
		};
		D5CB485E19ECC83700DA5E5C /* Products */ = {
			isa = PBXGroup;
			children = (
				D5CB485D19ECC83700DA5E5C /* training.app */,
				D5CB488119ECC83800DA5E5C /* trainingTests.xctest */,
			);
			name = Products;
			sourceTree = "<group>";
		};
		D5CB485F19ECC83700DA5E5C /* Frameworks */ = {
			isa = PBXGroup;
			children = (
				D5CB486019ECC83700DA5E5C /* Foundation.framework */,
				D5CB486219ECC83700DA5E5C /* CoreGraphics.framework */,
				D5CB486419ECC83700DA5E5C /* UIKit.framework */,
				D5CB488219ECC83800DA5E5C /* XCTest.framework */,
			);
			name = Frameworks;
			sourceTree = "<group>";
		};
		D5CB486619ECC83700DA5E5C /* training */ = {
			isa = PBXGroup;
			children = (
				D5CB486F19ECC83700DA5E5C /* XYZAppDelegate.h */,
				D5CB487019ECC83700DA5E5C /* XYZAppDelegate.m */,
				D5CB487219ECC83700DA5E5C /* Main_iPhone.storyboard */,
				D5CB487519ECC83700DA5E5C /* Main_iPad.storyboard */,
				D5CB487819ECC83700DA5E5C /* XYZViewController.h */,
				D5CB487919ECC83700DA5E5C /* XYZViewController.m */,
				D5CB487B19ECC83700DA5E5C /* Images.xcassets */,
				D5CB486719ECC83700DA5E5C /* Supporting Files */,
			);
			path = training;
			sourceTree = "<group>";
		};
		D5CB486719ECC83700DA5E5C /* Supporting Files */ = {
			isa = PBXGroup;
			children = (
				D5CB486819ECC83700DA5E5C /* training-Info.plist */,
				D5CB486919ECC83700DA5E5C /* InfoPlist.strings */,
				D5CB486C19ECC83700DA5E5C /* main.m */,
				D5CB486E19ECC83700DA5E5C /* training-Prefix.pch */,
			);
			name = "Supporting Files";
			sourceTree = "<group>";
		};
		D5CB488819ECC83800DA5E5C /* trainingTests */ = {
			isa = PBXGroup;
			children = (
				D5CB488E19ECC83800DA5E5C /* trainingTests.m */,
				D5CB488919ECC83800DA5E5C /* Supporting Files */,
			);
			path = trainingTests;
			sourceTree = "<group>";
		};
		D5CB488919ECC83800DA5E5C /* Supporting Files */ = {
			isa = PBXGroup;
			children = (
				D5CB488A19ECC83800DA5E5C /* trainingTests-Info.plist */,
				D5CB488B19ECC83800DA5E5C /* InfoPlist.strings */,
			);
			name = "Supporting Files";
			sourceTree = "<group>";
		};
/* End PBXGroup section */

/* Begin PBXNativeTarget section */
		D5CB485C19ECC83700DA5E5C /* training */ = {
			isa = PBXNativeTarget;
			buildConfigurationList = D5CB489219ECC83800DA5E5C /* Build configuration list for PBXNativeTarget "training" */;
			buildPhases = (
				D5CB485919ECC83700DA5E5C /* Sources */,
				D5CB485A19ECC83700DA5E5C /* Frameworks */,
				D5CB485B19ECC83700DA5E5C /* Resources */,
			);
			buildRules = (
			);
			dependencies = (
			);
			name = training;
			productName = training;
			productReference = D5CB485D19ECC83700DA5E5C /* training.app */;
			productType = "com.apple.product-type.application";
		};
		D5CB488019ECC83800DA5E5C /* trainingTests */ = {
			isa = PBXNativeTarget;
			buildConfigurationList = D5CB489519ECC83800DA5E5C /* Build configuration list for PBXNativeTarget "trainingTests" */;
			buildPhases = (
				D5CB487D19ECC83800DA5E5C /* Sources */,
				D5CB487E19ECC83800DA5E5C /* Frameworks */,
				D5CB487F19ECC83800DA5E5C /* Resources */,
			);
			buildRules = (
			);
			dependencies = (
				D5CB488719ECC83800DA5E5C /* PBXTargetDependency */,
			);
			name = trainingTests;
			productName = trainingTests;
			productReference = D5CB488119ECC83800DA5E5C /* trainingTests.xctest */;
			productType = "com.apple.product-type.bundle.unit-test";
		};
/* End PBXNativeTarget section */

/* Begin PBXProject section */
		D5CB485519ECC83700DA5E5C /* Project object */ = {
			isa = PBXProject;
			attributes = {
				CLASSPREFIX = XYZ;
				LastUpgradeCheck = 0510;
				ORGANIZATIONNAME = MEDITAB;
				TargetAttributes = {
					D5CB488019ECC83800DA5E5C = {
						TestTargetID = D5CB485C19ECC83700DA5E5C;
					};
				};
			};
			buildConfigurationList = D5CB485819ECC83700DA5E5C /* Build configuration list for PBXProject "training" */;
			compatibilityVersion = "Xcode 3.2";
			developmentRegion = English;
			hasScannedForEncodings = 0;
			knownRegions = (
				en,
				Base,
			);
			mainGroup = D5CB485419ECC83700DA5E5C;
			productRefGroup = D5CB485E19ECC83700DA5E5C /* Products */;
			projectDirPath = "";
			projectRoot = "";
			targets = (
				D5CB485C19ECC83700DA5E5C /* training */,
				D5CB488019ECC83800DA5E5C /* trainingTests */,
			);
		};
/* End PBXProject section */

/* Begin PBXResourcesBuildPhase section */
		D5CB485B19ECC83700DA5E5C /* Resources */ = {
			isa = PBXResourcesBuildPhase;
			buildActionMask = 2147483647;
			files = (
				D5CB487719ECC83700DA5E5C /* Main_iPad.storyboard in Resources */,
				D5CB487C19ECC83700DA5E5C /* Images.xcassets in Resources */,
				D5CB487419ECC83700DA5E5C /* Main_iPhone.storyboard in Resources */,
				D5CB486B19ECC83700DA5E5C /* InfoPlist.strings in Resources */,
			);
			runOnlyForDeploymentPostprocessing = 0;
		};
		D5CB487F19ECC83800DA5E5C /* Resources */ = {
			isa = PBXResourcesBuildPhase;
			buildActionMask = 2147483647;
			files = (
				D5CB488D19ECC83800DA5E5C /* InfoPlist.strings in Resources */,
			);
			runOnlyForDeploymentPostprocessing = 0;
		};
/* End PBXResourcesBuildPhase section */

/* Begin PBXSourcesBuildPhase section */
		D5CB485919ECC83700DA5E5C /* Sources */ = {
			isa = PBXSourcesBuildPhase;
			buildActionMask = 2147483647;
			files = (
				D5CB487A19ECC83700DA5E5C /* XYZViewController.m in Sources */,
				D5CB487119ECC83700DA5E5C /* XYZAppDelegate.m in Sources */,
				D5CB486D19ECC83700DA5E5C /* main.m in Sources */,
			);
			runOnlyForDeploymentPostprocessing = 0;
		};
		D5CB487D19ECC83800DA5E5C /* Sources */ = {
			isa = PBXSourcesBuildPhase;
			buildActionMask = 2147483647;
			files = (
				D5CB488F19ECC83800DA5E5C /* trainingTests.m in Sources */,
			);
			runOnlyForDeploymentPostprocessing = 0;
		};
/* End PBXSourcesBuildPhase section */

/* Begin PBXTargetDependency section */
		D5CB488719ECC83800DA5E5C /* PBXTargetDependency */ = {
			isa = PBXTargetDependency;
			target = D5CB485C19ECC83700DA5E5C /* training */;
			targetProxy = D5CB488619ECC83800DA5E5C /* PBXContainerItemProxy */;
		};
/* End PBXTargetDependency section */

/* Begin PBXVariantGroup section */
		D5CB486919ECC83700DA5E5C /* InfoPlist.strings */ = {
			isa = PBXVariantGroup;
			children = (
				D5CB486A19ECC83700DA5E5C /* en */,
			);
			name = InfoPlist.strings;
			sourceTree = "<group>";
		};
		D5CB487219ECC83700DA5E5C /* Main_iPhone.storyboard */ = {
			isa = PBXVariantGroup;
			children = (
				D5CB487319ECC83700DA5E5C /* Base */,
			);
			name = Main_iPhone.storyboard;
			sourceTree = "<group>";
		};
		D5CB487519ECC83700DA5E5C /* Main_iPad.storyboard */ = {
			isa = PBXVariantGroup;
			children = (
				D5CB487619ECC83700DA5E5C /* Base */,
			);
			name = Main_iPad.storyboard;
			sourceTree = "<group>";
		};
		D5CB488B19ECC83800DA5E5C /* InfoPlist.strings */ = {
			isa = PBXVariantGroup;
			children = (
				D5CB488C19ECC83800DA5E5C /* en */,
			);
			name = InfoPlist.strings;
			sourceTree = "<group>";
		};
/* End PBXVariantGroup section */

/* Begin XCBuildConfiguration section */
		D5CB489019ECC83800DA5E5C /* Debug */ = {
			isa = XCBuildConfiguration;
			buildSettings = {
				ALWAYS_SEARCH_USER_PATHS = NO;
				CLANG_CXX_LANGUAGE_STANDARD = "gnu++0x";
				CLANG_CXX_LIBRARY = "libc++";
				CLANG_ENABLE_MODULES = YES;
				CLANG_ENABLE_OBJC_ARC = YES;
				CLANG_WARN_BOOL_CONVERSION = YES;
				CLANG_WARN_CONSTANT_CONVERSION = YES;
				CLANG_WARN_DIRECT_OBJC_ISA_USAGE = YES_ERROR;
				CLANG_WARN_EMPTY_BODY = YES;
				CLANG_WARN_ENUM_CONVERSION = YES;
				CLANG_WARN_INT_CONVERSION = YES;
				CLANG_WARN_OBJC_ROOT_CLASS = YES_ERROR;
				CLANG_WARN__DUPLICATE_METHOD_MATCH = YES;
				"CODE_SIGN_IDENTITY[sdk=iphoneos*]" = "iPhone Developer";
				COPY_PHASE_STRIP = NO;
				GCC_C_LANGUAGE_STANDARD = gnu99;
				GCC_DYNAMIC_NO_PIC = NO;
				GCC_OPTIMIZATION_LEVEL = 0;
				GCC_PREPROCESSOR_DEFINITIONS = (
					"DEBUG=1",
					"$(inherited)",
				);
				GCC_SYMBOLS_PRIVATE_EXTERN = NO;
				GCC_WARN_64_TO_32_BIT_CONVERSION = YES;
				GCC_WARN_ABOUT_RETURN_TYPE = YES_ERROR;
				GCC_WARN_UNDECLARED_SELECTOR = YES;
				GCC_WARN_UNINITIALIZED_AUTOS = YES_AGGRESSIVE;
				GCC_WARN_UNUSED_FUNCTION = YES;
				GCC_WARN_UNUSED_VARIABLE = YES;
				IPHONEOS_DEPLOYMENT_TARGET = 7.1;
				ONLY_ACTIVE_ARCH = YES;
				SDKROOT = iphoneos;
				TARGETED_DEVICE_FAMILY = "1,2";
			};
			name = Debug;
		};
		D5CB489119ECC83800DA5E5C /* Release */ = {
			isa = XCBuildConfiguration;
			buildSettings = {
				ALWAYS_SEARCH_USER_PATHS = NO;
				CLANG_CXX_LANGUAGE_STANDARD = "gnu++0x";
				CLANG_CXX_LIBRARY = "libc++";
				CLANG_ENABLE_MODULES = YES;
				CLANG_ENABLE_OBJC_ARC = YES;
				CLANG_WARN_BOOL_CONVERSION = YES;
				CLANG_WARN_CONSTANT_CONVERSION = YES;
				CLANG_WARN_DIRECT_OBJC_ISA_USAGE = YES_ERROR;
				CLANG_WARN_EMPTY_BODY = YES;
				CLANG_WARN_ENUM_CONVERSION = YES;
				CLANG_WARN_INT_CONVERSION = YES;
				CLANG_WARN_OBJC_ROOT_CLASS = YES_ERROR;
				CLANG_WARN__DUPLICATE_METHOD_MATCH = YES;
				"CODE_SIGN_IDENTITY[sdk=iphoneos*]" = "iPhone Developer";
				COPY_PHASE_STRIP = YES;
				ENABLE_NS_ASSERTIONS = NO;
				GCC_C_LANGUAGE_STANDARD = gnu99;
				GCC_WARN_64_TO_32_BIT_CONVERSION = YES;
				GCC_WARN_ABOUT_RETURN_TYPE = YES_ERROR;
				GCC_WARN_UNDECLARED_SELECTOR = YES;
				GCC_WARN_UNINITIALIZED_AUTOS = YES_AGGRESSIVE;
				GCC_WARN_UNUSED_FUNCTION = YES;
				GCC_WARN_UNUSED_VARIABLE = YES;
				IPHONEOS_DEPLOYMENT_TARGET = 7.1;
				SDKROOT = iphoneos;
				TARGETED_DEVICE_FAMILY = "1,2";
				VALIDATE_PRODUCT = YES;
			};
			name = Release;
		};
		D5CB489319ECC83800DA5E5C /* Debug */ = {
			isa = XCBuildConfiguration;
			buildSettings = {
				ASSETCATALOG_COMPILER_APPICON_NAME = AppIcon;
				ASSETCATALOG_COMPILER_LAUNCHIMAGE_NAME = LaunchImage;
				GCC_PRECOMPILE_PREFIX_HEADER = YES;
				GCC_PREFIX_HEADER = "training/training-Prefix.pch";
				INFOPLIST_FILE = "training/training-Info.plist";
				PRODUCT_NAME = "$(TARGET_NAME)";
				WRAPPER_EXTENSION = app;
			};
			name = Debug;
		};
		D5CB489419ECC83800DA5E5C /* Release */ = {
			isa = XCBuildConfiguration;
			buildSettings = {
				ASSETCATALOG_COMPILER_APPICON_NAME = AppIcon;
				ASSETCATALOG_COMPILER_LAUNCHIMAGE_NAME = LaunchImage;
				GCC_PRECOMPILE_PREFIX_HEADER = YES;
				GCC_PREFIX_HEADER = "training/training-Prefix.pch";
				INFOPLIST_FILE = "training/training-Info.plist";
				PRODUCT_NAME = "$(TARGET_NAME)";
				WRAPPER_EXTENSION = app;
			};
			name = Release;
		};
		D5CB489619ECC83800DA5E5C /* Debug */ = {
			isa = XCBuildConfiguration;
			buildSettings = {
				BUNDLE_LOADER = "$(BUILT_PRODUCTS_DIR)/training.app/training";
				FRAMEWORK_SEARCH_PATHS = (
					"$(SDKROOT)/Developer/Library/Frameworks",
					"$(inherited)",
					"$(DEVELOPER_FRAMEWORKS_DIR)",
				);
				GCC_PRECOMPILE_PREFIX_HEADER = YES;
				GCC_PREFIX_HEADER = "training/training-Prefix.pch";
				GCC_PREPROCESSOR_DEFINITIONS = (
					"DEBUG=1",
					"$(inherited)",
				);
				INFOPLIST_FILE = "trainingTests/trainingTests-Info.plist";
				PRODUCT_NAME = "$(TARGET_NAME)";
				TEST_HOST = "$(BUNDLE_LOADER)";
				WRAPPER_EXTENSION = xctest;
			};
			name = Debug;
		};
		D5CB489719ECC83800DA5E5C /* Release */ = {
			isa = XCBuildConfiguration;
			buildSettings = {
				BUNDLE_LOADER = "$(BUILT_PRODUCTS_DIR)/training.app/training";
				FRAMEWORK_SEARCH_PATHS = (
					"$(SDKROOT)/Developer/Library/Frameworks",
					"$(inherited)",
					"$(DEVELOPER_FRAMEWORKS_DIR)",
				);
				GCC_PRECOMPILE_PREFIX_HEADER = YES;
				GCC_PREFIX_HEADER = "training/training-Prefix.pch";
				INFOPLIST_FILE = "trainingTests/trainingTests-Info.plist";
				PRODUCT_NAME = "$(TARGET_NAME)";
				TEST_HOST = "$(BUNDLE_LOADER)";
				WRAPPER_EXTENSION = xctest;
			};
			name = Release;
		};
/* End XCBuildConfiguration section */

/* Begin XCConfigurationList section */
		D5CB485819ECC83700DA5E5C /* Build configuration list for PBXProject "training" */ = {
			isa = XCConfigurationList;
			buildConfigurations = (
				D5CB489019ECC83800DA5E5C /* Debug */,
				D5CB489119ECC83800DA5E5C /* Release */,
			);
			defaultConfigurationIsVisible = 0;
			defaultConfigurationName = Release;
		};
		D5CB489219ECC83800DA5E5C /* Build configuration list for PBXNativeTarget "training" */ = {
			isa = XCConfigurationList;
			buildConfigurations = (
				D5CB489319ECC83800DA5E5C /* Debug */,
				D5CB489419ECC83800DA5E5C /* Release */,
			);
			defaultConfigurationIsVisible = 0;
		};
		D5CB489519ECC83800DA5E5C /* Build configuration list for PBXNativeTarget "trainingTests" */ = {
			isa = XCConfigurationList;
			buildConfigurations = (
				D5CB489619ECC83800DA5E5C /* Debug */,
				D5CB489719ECC83800DA5E5C /* Release */,
			);
			defaultConfigurationIsVisible = 0;
		};
/* End XCConfigurationList section */
	};
	rootObject = D5CB485519ECC83700DA5E5C /* Project object */;
}
