// !$*UTF8*$!
{
	archiveVersion = 1;
	classes = {
	};
	objectVersion = 46;
	objects = {

/* Begin PBXBuildFile section */
		D5CB481D19ECC7A400DA5E5C /* Foundation.framework in Frameworks */ = {isa = PBXBuildFile; fileRef = D5CB481C19ECC7A400DA5E5C /* Foundation.framework */; };
		D5CB481F19ECC7A400DA5E5C /* CoreGraphics.framework in Frameworks */ = {isa = PBXBuildFile; fileRef = D5CB481E19ECC7A400DA5E5C /* CoreGraphics.framework */; };
		D5CB482119ECC7A400DA5E5C /* UIKit.framework in Frameworks */ = {isa = PBXBuildFile; fileRef = D5CB482019ECC7A400DA5E5C /* UIKit.framework */; };
		D5CB482719ECC7A400DA5E5C /* InfoPlist.strings in Resources */ = {isa = PBXBuildFile; fileRef = D5CB482519ECC7A400DA5E5C /* InfoPlist.strings */; };
		D5CB482919ECC7A400DA5E5C /* main.m in Sources */ = {isa = PBXBuildFile; fileRef = D5CB482819ECC7A400DA5E5C /* main.m */; };
		D5CB482D19ECC7A400DA5E5C /* XYZAppDelegate.m in Sources */ = {isa = PBXBuildFile; fileRef = D5CB482C19ECC7A400DA5E5C /* XYZAppDelegate.m */; };
		D5CB483019ECC7A400DA5E5C /* Main_iPhone.storyboard in Resources */ = {isa = PBXBuildFile; fileRef = D5CB482E19ECC7A400DA5E5C /* Main_iPhone.storyboard */; };
		D5CB483319ECC7A400DA5E5C /* Main_iPad.storyboard in Resources */ = {isa = PBXBuildFile; fileRef = D5CB483119ECC7A400DA5E5C /* Main_iPad.storyboard */; };
		D5CB483619ECC7A400DA5E5C /* XYZViewController.m in Sources */ = {isa = PBXBuildFile; fileRef = D5CB483519ECC7A400DA5E5C /* XYZViewController.m */; };
		D5CB483819ECC7A400DA5E5C /* Images.xcassets in Resources */ = {isa = PBXBuildFile; fileRef = D5CB483719ECC7A400DA5E5C /* Images.xcassets */; };
		D5CB483F19ECC7A400DA5E5C /* XCTest.framework in Frameworks */ = {isa = PBXBuildFile; fileRef = D5CB483E19ECC7A400DA5E5C /* XCTest.framework */; };
		D5CB484019ECC7A400DA5E5C /* Foundation.framework in Frameworks */ = {isa = PBXBuildFile; fileRef = D5CB481C19ECC7A400DA5E5C /* Foundation.framework */; };
		D5CB484119ECC7A400DA5E5C /* UIKit.framework in Frameworks */ = {isa = PBXBuildFile; fileRef = D5CB482019ECC7A400DA5E5C /* UIKit.framework */; };
		D5CB484919ECC7A400DA5E5C /* InfoPlist.strings in Resources */ = {isa = PBXBuildFile; fileRef = D5CB484719ECC7A400DA5E5C /* InfoPlist.strings */; };
		D5CB484B19ECC7A400DA5E5C /* ChangeBackgroundTests.m in Sources */ = {isa = PBXBuildFile; fileRef = D5CB484A19ECC7A400DA5E5C /* ChangeBackgroundTests.m */; };
/* End PBXBuildFile section */

/* Begin PBXContainerItemProxy section */
		D5CB484219ECC7A400DA5E5C /* PBXContainerItemProxy */ = {
			isa = PBXContainerItemProxy;
			containerPortal = D5CB481119ECC7A300DA5E5C /* Project object */;
			proxyType = 1;
			remoteGlobalIDString = D5CB481819ECC7A400DA5E5C;
			remoteInfo = ChangeBackground;
		};
/* End PBXContainerItemProxy section */

/* Begin PBXFileReference section */
		D5CB481919ECC7A400DA5E5C /* ChangeBackground.app */ = {isa = PBXFileReference; explicitFileType = wrapper.application; includeInIndex = 0; path = ChangeBackground.app; sourceTree = BUILT_PRODUCTS_DIR; };
		D5CB481C19ECC7A400DA5E5C /* Foundation.framework */ = {isa = PBXFileReference; lastKnownFileType = wrapper.framework; name = Foundation.framework; path = System/Library/Frameworks/Foundation.framework; sourceTree = SDKROOT; };
		D5CB481E19ECC7A400DA5E5C /* CoreGraphics.framework */ = {isa = PBXFileReference; lastKnownFileType = wrapper.framework; name = CoreGraphics.framework; path = System/Library/Frameworks/CoreGraphics.framework; sourceTree = SDKROOT; };
		D5CB482019ECC7A400DA5E5C /* UIKit.framework */ = {isa = PBXFileReference; lastKnownFileType = wrapper.framework; name = UIKit.framework; path = System/Library/Frameworks/UIKit.framework; sourceTree = SDKROOT; };
		D5CB482419ECC7A400DA5E5C /* ChangeBackground-Info.plist */ = {isa = PBXFileReference; lastKnownFileType = text.plist.xml; path = "ChangeBackground-Info.plist"; sourceTree = "<group>"; };
		D5CB482619ECC7A400DA5E5C /* en */ = {isa = PBXFileReference; lastKnownFileType = text.plist.strings; name = en; path = en.lproj/InfoPlist.strings; sourceTree = "<group>"; };
		D5CB482819ECC7A400DA5E5C /* main.m */ = {isa = PBXFileReference; lastKnownFileType = sourcecode.c.objc; path = main.m; sourceTree = "<group>"; };
		D5CB482A19ECC7A400DA5E5C /* ChangeBackground-Prefix.pch */ = {isa = PBXFileReference; lastKnownFileType = sourcecode.c.h; path = "ChangeBackground-Prefix.pch"; sourceTree = "<group>"; };
		D5CB482B19ECC7A400DA5E5C /* XYZAppDelegate.h */ = {isa = PBXFileReference; lastKnownFileType = sourcecode.c.h; path = XYZAppDelegate.h; sourceTree = "<group>"; };
		D5CB482C19ECC7A400DA5E5C /* XYZAppDelegate.m */ = {isa = PBXFileReference; lastKnownFileType = sourcecode.c.objc; path = XYZAppDelegate.m; sourceTree = "<group>"; };
		D5CB482F19ECC7A400DA5E5C /* Base */ = {isa = PBXFileReference; lastKnownFileType = file.storyboard; name = Base; path = Base.lproj/Main_iPhone.storyboard; sourceTree = "<group>"; };
		D5CB483219ECC7A400DA5E5C /* Base */ = {isa = PBXFileReference; lastKnownFileType = file.storyboard; name = Base; path = Base.lproj/Main_iPad.storyboard; sourceTree = "<group>"; };
		D5CB483419ECC7A400DA5E5C /* XYZViewController.h */ = {isa = PBXFileReference; lastKnownFileType = sourcecode.c.h; path = XYZViewController.h; sourceTree = "<group>"; };
		D5CB483519ECC7A400DA5E5C /* XYZViewController.m */ = {isa = PBXFileReference; lastKnownFileType = sourcecode.c.objc; path = XYZViewController.m; sourceTree = "<group>"; };
		D5CB483719ECC7A400DA5E5C /* Images.xcassets */ = {isa = PBXFileReference; lastKnownFileType = folder.assetcatalog; path = Images.xcassets; sourceTree = "<group>"; };
		D5CB483D19ECC7A400DA5E5C /* ChangeBackgroundTests.xctest */ = {isa = PBXFileReference; explicitFileType = wrapper.cfbundle; includeInIndex = 0; path = ChangeBackgroundTests.xctest; sourceTree = BUILT_PRODUCTS_DIR; };
		D5CB483E19ECC7A400DA5E5C /* XCTest.framework */ = {isa = PBXFileReference; lastKnownFileType = wrapper.framework; name = XCTest.framework; path = Library/Frameworks/XCTest.framework; sourceTree = DEVELOPER_DIR; };
		D5CB484619ECC7A400DA5E5C /* ChangeBackgroundTests-Info.plist */ = {isa = PBXFileReference; lastKnownFileType = text.plist.xml; path = "ChangeBackgroundTests-Info.plist"; sourceTree = "<group>"; };
		D5CB484819ECC7A400DA5E5C /* en */ = {isa = PBXFileReference; lastKnownFileType = text.plist.strings; name = en; path = en.lproj/InfoPlist.strings; sourceTree = "<group>"; };
		D5CB484A19ECC7A400DA5E5C /* ChangeBackgroundTests.m */ = {isa = PBXFileReference; lastKnownFileType = sourcecode.c.objc; path = ChangeBackgroundTests.m; sourceTree = "<group>"; };
/* End PBXFileReference section */

/* Begin PBXFrameworksBuildPhase section */
		D5CB481619ECC7A400DA5E5C /* Frameworks */ = {
			isa = PBXFrameworksBuildPhase;
			buildActionMask = 2147483647;
			files = (
				D5CB481F19ECC7A400DA5E5C /* CoreGraphics.framework in Frameworks */,
				D5CB482119ECC7A400DA5E5C /* UIKit.framework in Frameworks */,
				D5CB481D19ECC7A400DA5E5C /* Foundation.framework in Frameworks */,
			);
			runOnlyForDeploymentPostprocessing = 0;
		};
		D5CB483A19ECC7A400DA5E5C /* Frameworks */ = {
			isa = PBXFrameworksBuildPhase;
			buildActionMask = 2147483647;
			files = (
				D5CB483F19ECC7A400DA5E5C /* XCTest.framework in Frameworks */,
				D5CB484119ECC7A400DA5E5C /* UIKit.framework in Frameworks */,
				D5CB484019ECC7A400DA5E5C /* Foundation.framework in Frameworks */,
			);
			runOnlyForDeploymentPostprocessing = 0;
		};
/* End PBXFrameworksBuildPhase section */

/* Begin PBXGroup section */
		D5CB481019ECC7A300DA5E5C = {
			isa = PBXGroup;
			children = (
				D5CB482219ECC7A400DA5E5C /* ChangeBackground */,
				D5CB484419ECC7A400DA5E5C /* ChangeBackgroundTests */,
				D5CB481B19ECC7A400DA5E5C /* Frameworks */,
				D5CB481A19ECC7A400DA5E5C /* Products */,
			);
			sourceTree = "<group>";
		};
		D5CB481A19ECC7A400DA5E5C /* Products */ = {
			isa = PBXGroup;
			children = (
				D5CB481919ECC7A400DA5E5C /* ChangeBackground.app */,
				D5CB483D19ECC7A400DA5E5C /* ChangeBackgroundTests.xctest */,
			);
			name = Products;
			sourceTree = "<group>";
		};
		D5CB481B19ECC7A400DA5E5C /* Frameworks */ = {
			isa = PBXGroup;
			children = (
				D5CB481C19ECC7A400DA5E5C /* Foundation.framework */,
				D5CB481E19ECC7A400DA5E5C /* CoreGraphics.framework */,
				D5CB482019ECC7A400DA5E5C /* UIKit.framework */,
				D5CB483E19ECC7A400DA5E5C /* XCTest.framework */,
			);
			name = Frameworks;
			sourceTree = "<group>";
		};
		D5CB482219ECC7A400DA5E5C /* ChangeBackground */ = {
			isa = PBXGroup;
			children = (
				D5CB482B19ECC7A400DA5E5C /* XYZAppDelegate.h */,
				D5CB482C19ECC7A400DA5E5C /* XYZAppDelegate.m */,
				D5CB482E19ECC7A400DA5E5C /* Main_iPhone.storyboard */,
				D5CB483119ECC7A400DA5E5C /* Main_iPad.storyboard */,
				D5CB483419ECC7A400DA5E5C /* XYZViewController.h */,
				D5CB483519ECC7A400DA5E5C /* XYZViewController.m */,
				D5CB483719ECC7A400DA5E5C /* Images.xcassets */,
				D5CB482319ECC7A400DA5E5C /* Supporting Files */,
			);
			path = ChangeBackground;
			sourceTree = "<group>";
		};
		D5CB482319ECC7A400DA5E5C /* Supporting Files */ = {
			isa = PBXGroup;
			children = (
				D5CB482419ECC7A400DA5E5C /* ChangeBackground-Info.plist */,
				D5CB482519ECC7A400DA5E5C /* InfoPlist.strings */,
				D5CB482819ECC7A400DA5E5C /* main.m */,
				D5CB482A19ECC7A400DA5E5C /* ChangeBackground-Prefix.pch */,
			);
			name = "Supporting Files";
			sourceTree = "<group>";
		};
		D5CB484419ECC7A400DA5E5C /* ChangeBackgroundTests */ = {
			isa = PBXGroup;
			children = (
				D5CB484A19ECC7A400DA5E5C /* ChangeBackgroundTests.m */,
				D5CB484519ECC7A400DA5E5C /* Supporting Files */,
			);
			path = ChangeBackgroundTests;
			sourceTree = "<group>";
		};
		D5CB484519ECC7A400DA5E5C /* Supporting Files */ = {
			isa = PBXGroup;
			children = (
				D5CB484619ECC7A400DA5E5C /* ChangeBackgroundTests-Info.plist */,
				D5CB484719ECC7A400DA5E5C /* InfoPlist.strings */,
			);
			name = "Supporting Files";
			sourceTree = "<group>";
		};
/* End PBXGroup section */

/* Begin PBXNativeTarget section */
		D5CB481819ECC7A400DA5E5C /* ChangeBackground */ = {
			isa = PBXNativeTarget;
			buildConfigurationList = D5CB484E19ECC7A400DA5E5C /* Build configuration list for PBXNativeTarget "ChangeBackground" */;
			buildPhases = (
				D5CB481519ECC7A400DA5E5C /* Sources */,
				D5CB481619ECC7A400DA5E5C /* Frameworks */,
				D5CB481719ECC7A400DA5E5C /* Resources */,
			);
			buildRules = (
			);
			dependencies = (
			);
			name = ChangeBackground;
			productName = ChangeBackground;
			productReference = D5CB481919ECC7A400DA5E5C /* ChangeBackground.app */;
			productType = "com.apple.product-type.application";
		};
		D5CB483C19ECC7A400DA5E5C /* ChangeBackgroundTests */ = {
			isa = PBXNativeTarget;
			buildConfigurationList = D5CB485119ECC7A400DA5E5C /* Build configuration list for PBXNativeTarget "ChangeBackgroundTests" */;
			buildPhases = (
				D5CB483919ECC7A400DA5E5C /* Sources */,
				D5CB483A19ECC7A400DA5E5C /* Frameworks */,
				D5CB483B19ECC7A400DA5E5C /* Resources */,
			);
			buildRules = (
			);
			dependencies = (
				D5CB484319ECC7A400DA5E5C /* PBXTargetDependency */,
			);
			name = ChangeBackgroundTests;
			productName = ChangeBackgroundTests;
			productReference = D5CB483D19ECC7A400DA5E5C /* ChangeBackgroundTests.xctest */;
			productType = "com.apple.product-type.bundle.unit-test";
		};
/* End PBXNativeTarget section */

/* Begin PBXProject section */
		D5CB481119ECC7A300DA5E5C /* Project object */ = {
			isa = PBXProject;
			attributes = {
				CLASSPREFIX = XYZ;
				LastUpgradeCheck = 0510;
				ORGANIZATIONNAME = MEDITAB;
				TargetAttributes = {
					D5CB483C19ECC7A400DA5E5C = {
						TestTargetID = D5CB481819ECC7A400DA5E5C;
					};
				};
			};
			buildConfigurationList = D5CB481419ECC7A300DA5E5C /* Build configuration list for PBXProject "ChangeBackground" */;
			compatibilityVersion = "Xcode 3.2";
			developmentRegion = English;
			hasScannedForEncodings = 0;
			knownRegions = (
				en,
				Base,
			);
			mainGroup = D5CB481019ECC7A300DA5E5C;
			productRefGroup = D5CB481A19ECC7A400DA5E5C /* Products */;
			projectDirPath = "";
			projectRoot = "";
			targets = (
				D5CB481819ECC7A400DA5E5C /* ChangeBackground */,
				D5CB483C19ECC7A400DA5E5C /* ChangeBackgroundTests */,
			);
		};
/* End PBXProject section */

/* Begin PBXResourcesBuildPhase section */
		D5CB481719ECC7A400DA5E5C /* Resources */ = {
			isa = PBXResourcesBuildPhase;
			buildActionMask = 2147483647;
			files = (
				D5CB483319ECC7A400DA5E5C /* Main_iPad.storyboard in Resources */,
				D5CB483819ECC7A400DA5E5C /* Images.xcassets in Resources */,
				D5CB483019ECC7A400DA5E5C /* Main_iPhone.storyboard in Resources */,
				D5CB482719ECC7A400DA5E5C /* InfoPlist.strings in Resources */,
			);
			runOnlyForDeploymentPostprocessing = 0;
		};
		D5CB483B19ECC7A400DA5E5C /* Resources */ = {
			isa = PBXResourcesBuildPhase;
			buildActionMask = 2147483647;
			files = (
				D5CB484919ECC7A400DA5E5C /* InfoPlist.strings in Resources */,
			);
			runOnlyForDeploymentPostprocessing = 0;
		};
/* End PBXResourcesBuildPhase section */

/* Begin PBXSourcesBuildPhase section */
		D5CB481519ECC7A400DA5E5C /* Sources */ = {
			isa = PBXSourcesBuildPhase;
			buildActionMask = 2147483647;
			files = (
				D5CB483619ECC7A400DA5E5C /* XYZViewController.m in Sources */,
				D5CB482D19ECC7A400DA5E5C /* XYZAppDelegate.m in Sources */,
				D5CB482919ECC7A400DA5E5C /* main.m in Sources */,
			);
			runOnlyForDeploymentPostprocessing = 0;
		};
		D5CB483919ECC7A400DA5E5C /* Sources */ = {
			isa = PBXSourcesBuildPhase;
			buildActionMask = 2147483647;
			files = (
				D5CB484B19ECC7A400DA5E5C /* ChangeBackgroundTests.m in Sources */,
			);
			runOnlyForDeploymentPostprocessing = 0;
		};
/* End PBXSourcesBuildPhase section */

/* Begin PBXTargetDependency section */
		D5CB484319ECC7A400DA5E5C /* PBXTargetDependency */ = {
			isa = PBXTargetDependency;
			target = D5CB481819ECC7A400DA5E5C /* ChangeBackground */;
			targetProxy = D5CB484219ECC7A400DA5E5C /* PBXContainerItemProxy */;
		};
/* End PBXTargetDependency section */

/* Begin PBXVariantGroup section */
		D5CB482519ECC7A400DA5E5C /* InfoPlist.strings */ = {
			isa = PBXVariantGroup;
			children = (
				D5CB482619ECC7A400DA5E5C /* en */,
			);
			name = InfoPlist.strings;
			sourceTree = "<group>";
		};
		D5CB482E19ECC7A400DA5E5C /* Main_iPhone.storyboard */ = {
			isa = PBXVariantGroup;
			children = (
				D5CB482F19ECC7A400DA5E5C /* Base */,
			);
			name = Main_iPhone.storyboard;
			sourceTree = "<group>";
		};
		D5CB483119ECC7A400DA5E5C /* Main_iPad.storyboard */ = {
			isa = PBXVariantGroup;
			children = (
				D5CB483219ECC7A400DA5E5C /* Base */,
			);
			name = Main_iPad.storyboard;
			sourceTree = "<group>";
		};
		D5CB484719ECC7A400DA5E5C /* InfoPlist.strings */ = {
			isa = PBXVariantGroup;
			children = (
				D5CB484819ECC7A400DA5E5C /* en */,
			);
			name = InfoPlist.strings;
			sourceTree = "<group>";
		};
/* End PBXVariantGroup section */

/* Begin XCBuildConfiguration section */
		D5CB484C19ECC7A400DA5E5C /* Debug */ = {
			isa = XCBuildConfiguration;
			buildSettings = {
				ALWAYS_SEARCH_USER_PATHS = NO;
				CLANG_CXX_LANGUAGE_STANDARD = "gnu++0x";
				CLANG_CXX_LIBRARY = "libc++";
				CLANG_ENABLE_MODULES = YES;
				CLANG_ENABLE_OBJC_ARC = YES;
				CLANG_WARN_BOOL_CONVERSION = YES;
				CLANG_WARN_CONSTANT_CONVERSION = YES;
				CLANG_WARN_DIRECT_OBJC_ISA_USAGE = YES_ERROR;
				CLANG_WARN_EMPTY_BODY = YES;
				CLANG_WARN_ENUM_CONVERSION = YES;
				CLANG_WARN_INT_CONVERSION = YES;
				CLANG_WARN_OBJC_ROOT_CLASS = YES_ERROR;
				CLANG_WARN__DUPLICATE_METHOD_MATCH = YES;
				"CODE_SIGN_IDENTITY[sdk=iphoneos*]" = "iPhone Developer";
				COPY_PHASE_STRIP = NO;
				GCC_C_LANGUAGE_STANDARD = gnu99;
				GCC_DYNAMIC_NO_PIC = NO;
				GCC_OPTIMIZATION_LEVEL = 0;
				GCC_PREPROCESSOR_DEFINITIONS = (
					"DEBUG=1",
					"$(inherited)",
				);
				GCC_SYMBOLS_PRIVATE_EXTERN = NO;
				GCC_WARN_64_TO_32_BIT_CONVERSION = YES;
				GCC_WARN_ABOUT_RETURN_TYPE = YES_ERROR;
				GCC_WARN_UNDECLARED_SELECTOR = YES;
				GCC_WARN_UNINITIALIZED_AUTOS = YES_AGGRESSIVE;
				GCC_WARN_UNUSED_FUNCTION = YES;
				GCC_WARN_UNUSED_VARIABLE = YES;
				IPHONEOS_DEPLOYMENT_TARGET = 7.1;
				ONLY_ACTIVE_ARCH = YES;
				SDKROOT = iphoneos;
				TARGETED_DEVICE_FAMILY = "1,2";
			};
			name = Debug;
		};
		D5CB484D19ECC7A400DA5E5C /* Release */ = {
			isa = XCBuildConfiguration;
			buildSettings = {
				ALWAYS_SEARCH_USER_PATHS = NO;
				CLANG_CXX_LANGUAGE_STANDARD = "gnu++0x";
				CLANG_CXX_LIBRARY = "libc++";
				CLANG_ENABLE_MODULES = YES;
				CLANG_ENABLE_OBJC_ARC = YES;
				CLANG_WARN_BOOL_CONVERSION = YES;
				CLANG_WARN_CONSTANT_CONVERSION = YES;
				CLANG_WARN_DIRECT_OBJC_ISA_USAGE = YES_ERROR;
				CLANG_WARN_EMPTY_BODY = YES;
				CLANG_WARN_ENUM_CONVERSION = YES;
				CLANG_WARN_INT_CONVERSION = YES;
				CLANG_WARN_OBJC_ROOT_CLASS = YES_ERROR;
				CLANG_WARN__DUPLICATE_METHOD_MATCH = YES;
				"CODE_SIGN_IDENTITY[sdk=iphoneos*]" = "iPhone Developer";
				COPY_PHASE_STRIP = YES;
				ENABLE_NS_ASSERTIONS = NO;
				GCC_C_LANGUAGE_STANDARD = gnu99;
				GCC_WARN_64_TO_32_BIT_CONVERSION = YES;
				GCC_WARN_ABOUT_RETURN_TYPE = YES_ERROR;
				GCC_WARN_UNDECLARED_SELECTOR = YES;
				GCC_WARN_UNINITIALIZED_AUTOS = YES_AGGRESSIVE;
				GCC_WARN_UNUSED_FUNCTION = YES;
				GCC_WARN_UNUSED_VARIABLE = YES;
				IPHONEOS_DEPLOYMENT_TARGET = 7.1;
				SDKROOT = iphoneos;
				TARGETED_DEVICE_FAMILY = "1,2";
				VALIDATE_PRODUCT = YES;
			};
			name = Release;
		};
		D5CB484F19ECC7A400DA5E5C /* Debug */ = {
			isa = XCBuildConfiguration;
			buildSettings = {
				ASSETCATALOG_COMPILER_APPICON_NAME = AppIcon;
				ASSETCATALOG_COMPILER_LAUNCHIMAGE_NAME = LaunchImage;
				GCC_PRECOMPILE_PREFIX_HEADER = YES;
				GCC_PREFIX_HEADER = "ChangeBackground/ChangeBackground-Prefix.pch";
				INFOPLIST_FILE = "ChangeBackground/ChangeBackground-Info.plist";
				PRODUCT_NAME = "$(TARGET_NAME)";
				WRAPPER_EXTENSION = app;
			};
			name = Debug;
		};
		D5CB485019ECC7A400DA5E5C /* Release */ = {
			isa = XCBuildConfiguration;
			buildSettings = {
				ASSETCATALOG_COMPILER_APPICON_NAME = AppIcon;
				ASSETCATALOG_COMPILER_LAUNCHIMAGE_NAME = LaunchImage;
				GCC_PRECOMPILE_PREFIX_HEADER = YES;
				GCC_PREFIX_HEADER = "ChangeBackground/ChangeBackground-Prefix.pch";
				INFOPLIST_FILE = "ChangeBackground/ChangeBackground-Info.plist";
				PRODUCT_NAME = "$(TARGET_NAME)";
				WRAPPER_EXTENSION = app;
			};
			name = Release;
		};
		D5CB485219ECC7A400DA5E5C /* Debug */ = {
			isa = XCBuildConfiguration;
			buildSettings = {
				BUNDLE_LOADER = "$(BUILT_PRODUCTS_DIR)/ChangeBackground.app/ChangeBackground";
				FRAMEWORK_SEARCH_PATHS = (
					"$(SDKROOT)/Developer/Library/Frameworks",
					"$(inherited)",
					"$(DEVELOPER_FRAMEWORKS_DIR)",
				);
				GCC_PRECOMPILE_PREFIX_HEADER = YES;
				GCC_PREFIX_HEADER = "ChangeBackground/ChangeBackground-Prefix.pch";
				GCC_PREPROCESSOR_DEFINITIONS = (
					"DEBUG=1",
					"$(inherited)",
				);
				INFOPLIST_FILE = "ChangeBackgroundTests/ChangeBackgroundTests-Info.plist";
				PRODUCT_NAME = "$(TARGET_NAME)";
				TEST_HOST = "$(BUNDLE_LOADER)";
				WRAPPER_EXTENSION = xctest;
			};
			name = Debug;
		};
		D5CB485319ECC7A400DA5E5C /* Release */ = {
			isa = XCBuildConfiguration;
			buildSettings = {
				BUNDLE_LOADER = "$(BUILT_PRODUCTS_DIR)/ChangeBackground.app/ChangeBackground";
				FRAMEWORK_SEARCH_PATHS = (
					"$(SDKROOT)/Developer/Library/Frameworks",
					"$(inherited)",
					"$(DEVELOPER_FRAMEWORKS_DIR)",
				);
				GCC_PRECOMPILE_PREFIX_HEADER = YES;
				GCC_PREFIX_HEADER = "ChangeBackground/ChangeBackground-Prefix.pch";
				INFOPLIST_FILE = "ChangeBackgroundTests/ChangeBackgroundTests-Info.plist";
				PRODUCT_NAME = "$(TARGET_NAME)";
				TEST_HOST = "$(BUNDLE_LOADER)";
				WRAPPER_EXTENSION = xctest;
			};
			name = Release;
		};
/* End XCBuildConfiguration section */

/* Begin XCConfigurationList section */
		D5CB481419ECC7A300DA5E5C /* Build configuration list for PBXProject "ChangeBackground" */ = {
			isa = XCConfigurationList;
			buildConfigurations = (
				D5CB484C19ECC7A400DA5E5C /* Debug */,
				D5CB484D19ECC7A400DA5E5C /* Release */,
			);
			defaultConfigurationIsVisible = 0;
			defaultConfigurationName = Release;
		};
		D5CB484E19ECC7A400DA5E5C /* Build configuration list for PBXNativeTarget "ChangeBackground" */ = {
			isa = XCConfigurationList;
			buildConfigurations = (
				D5CB484F19ECC7A400DA5E5C /* Debug */,
				D5CB485019ECC7A400DA5E5C /* Release */,
			);
			defaultConfigurationIsVisible = 0;
		};
		D5CB485119ECC7A400DA5E5C /* Build configuration list for PBXNativeTarget "ChangeBackgroundTests" */ = {
			isa = XCConfigurationList;
			buildConfigurations = (
				D5CB485219ECC7A400DA5E5C /* Debug */,
				D5CB485319ECC7A400DA5E5C /* Release */,
			);
			defaultConfigurationIsVisible = 0;
		};
/* End XCConfigurationList section */
	};
	rootObject = D5CB481119ECC7A300DA5E5C /* Project object */;
}
