// !$*UTF8*$!
{
	archiveVersion = 1;
	classes = {
	};
	objectVersion = 46;
	objects = {

/* Begin PBXBuildFile section */
		D55A4E0B1A0CE6E700C81C3E /* main.m in Sources */ = {isa = PBXBuildFile; fileRef = D55A4E0A1A0CE6E700C81C3E /* main.m */; };
		D55A4E0E1A0CE6E700C81C3E /* AppDelegate.m in Sources */ = {isa = PBXBuildFile; fileRef = D55A4E0D1A0CE6E700C81C3E /* AppDelegate.m */; };
		D55A4E111A0CE6E700C81C3E /* ViewController.m in Sources */ = {isa = PBXBuildFile; fileRef = D55A4E101A0CE6E700C81C3E /* ViewController.m */; };
		D55A4E141A0CE6E700C81C3E /* Main.storyboard in Resources */ = {isa = PBXBuildFile; fileRef = D55A4E121A0CE6E700C81C3E /* Main.storyboard */; };
		D55A4E161A0CE6E700C81C3E /* Images.xcassets in Resources */ = {isa = PBXBuildFile; fileRef = D55A4E151A0CE6E700C81C3E /* Images.xcassets */; };
		D55A4E191A0CE6E700C81C3E /* LaunchScreen.xib in Resources */ = {isa = PBXBuildFile; fileRef = D55A4E171A0CE6E700C81C3E /* LaunchScreen.xib */; };
		D55A4E251A0CE6E700C81C3E /* DemoPlayerTests.m in Sources */ = {isa = PBXBuildFile; fileRef = D55A4E241A0CE6E700C81C3E /* DemoPlayerTests.m */; };
/* End PBXBuildFile section */

/* Begin PBXContainerItemProxy section */
		D55A4E1F1A0CE6E700C81C3E /* PBXContainerItemProxy */ = {
			isa = PBXContainerItemProxy;
			containerPortal = D55A4DFD1A0CE6E700C81C3E /* Project object */;
			proxyType = 1;
			remoteGlobalIDString = D55A4E041A0CE6E700C81C3E;
			remoteInfo = DemoPlayer;
		};
/* End PBXContainerItemProxy section */

/* Begin PBXFileReference section */
		D55A4E051A0CE6E700C81C3E /* DemoPlayer.app */ = {isa = PBXFileReference; explicitFileType = wrapper.application; includeInIndex = 0; path = DemoPlayer.app; sourceTree = BUILT_PRODUCTS_DIR; };
		D55A4E091A0CE6E700C81C3E /* Info.plist */ = {isa = PBXFileReference; lastKnownFileType = text.plist.xml; path = Info.plist; sourceTree = "<group>"; };
		D55A4E0A1A0CE6E700C81C3E /* main.m */ = {isa = PBXFileReference; lastKnownFileType = sourcecode.c.objc; path = main.m; sourceTree = "<group>"; };
		D55A4E0C1A0CE6E700C81C3E /* AppDelegate.h */ = {isa = PBXFileReference; lastKnownFileType = sourcecode.c.h; path = AppDelegate.h; sourceTree = "<group>"; };
		D55A4E0D1A0CE6E700C81C3E /* AppDelegate.m */ = {isa = PBXFileReference; lastKnownFileType = sourcecode.c.objc; path = AppDelegate.m; sourceTree = "<group>"; };
		D55A4E0F1A0CE6E700C81C3E /* ViewController.h */ = {isa = PBXFileReference; lastKnownFileType = sourcecode.c.h; path = ViewController.h; sourceTree = "<group>"; };
		D55A4E101A0CE6E700C81C3E /* ViewController.m */ = {isa = PBXFileReference; lastKnownFileType = sourcecode.c.objc; path = ViewController.m; sourceTree = "<group>"; };
		D55A4E131A0CE6E700C81C3E /* Base */ = {isa = PBXFileReference; lastKnownFileType = file.storyboard; name = Base; path = Base.lproj/Main.storyboard; sourceTree = "<group>"; };
		D55A4E151A0CE6E700C81C3E /* Images.xcassets */ = {isa = PBXFileReference; lastKnownFileType = folder.assetcatalog; path = Images.xcassets; sourceTree = "<group>"; };
		D55A4E181A0CE6E700C81C3E /* Base */ = {isa = PBXFileReference; lastKnownFileType = file.xib; name = Base; path = Base.lproj/LaunchScreen.xib; sourceTree = "<group>"; };
		D55A4E1E1A0CE6E700C81C3E /* DemoPlayerTests.xctest */ = {isa = PBXFileReference; explicitFileType = wrapper.cfbundle; includeInIndex = 0; path = DemoPlayerTests.xctest; sourceTree = BUILT_PRODUCTS_DIR; };
		D55A4E231A0CE6E700C81C3E /* Info.plist */ = {isa = PBXFileReference; lastKnownFileType = text.plist.xml; path = Info.plist; sourceTree = "<group>"; };
		D55A4E241A0CE6E700C81C3E /* DemoPlayerTests.m */ = {isa = PBXFileReference; lastKnownFileType = sourcecode.c.objc; path = DemoPlayerTests.m; sourceTree = "<group>"; };
/* End PBXFileReference section */

/* Begin PBXFrameworksBuildPhase section */
		D55A4E021A0CE6E700C81C3E /* Frameworks */ = {
			isa = PBXFrameworksBuildPhase;
			buildActionMask = 2147483647;
			files = (
			);
			runOnlyForDeploymentPostprocessing = 0;
		};
		D55A4E1B1A0CE6E700C81C3E /* Frameworks */ = {
			isa = PBXFrameworksBuildPhase;
			buildActionMask = 2147483647;
			files = (
			);
			runOnlyForDeploymentPostprocessing = 0;
		};
/* End PBXFrameworksBuildPhase section */

/* Begin PBXGroup section */
		D55A4DFC1A0CE6E700C81C3E = {
			isa = PBXGroup;
			children = (
				D55A4E071A0CE6E700C81C3E /* DemoPlayer */,
				D55A4E211A0CE6E700C81C3E /* DemoPlayerTests */,
				D55A4E061A0CE6E700C81C3E /* Products */,
			);
			sourceTree = "<group>";
		};
		D55A4E061A0CE6E700C81C3E /* Products */ = {
			isa = PBXGroup;
			children = (
				D55A4E051A0CE6E700C81C3E /* DemoPlayer.app */,
				D55A4E1E1A0CE6E700C81C3E /* DemoPlayerTests.xctest */,
			);
			name = Products;
			sourceTree = "<group>";
		};
		D55A4E071A0CE6E700C81C3E /* DemoPlayer */ = {
			isa = PBXGroup;
			children = (
				D55A4E0C1A0CE6E700C81C3E /* AppDelegate.h */,
				D55A4E0D1A0CE6E700C81C3E /* AppDelegate.m */,
				D55A4E0F1A0CE6E700C81C3E /* ViewController.h */,
				D55A4E101A0CE6E700C81C3E /* ViewController.m */,
				D55A4E121A0CE6E700C81C3E /* Main.storyboard */,
				D55A4E151A0CE6E700C81C3E /* Images.xcassets */,
				D55A4E171A0CE6E700C81C3E /* LaunchScreen.xib */,
				D55A4E081A0CE6E700C81C3E /* Supporting Files */,
			);
			path = DemoPlayer;
			sourceTree = "<group>";
		};
		D55A4E081A0CE6E700C81C3E /* Supporting Files */ = {
			isa = PBXGroup;
			children = (
				D55A4E091A0CE6E700C81C3E /* Info.plist */,
				D55A4E0A1A0CE6E700C81C3E /* main.m */,
			);
			name = "Supporting Files";
			sourceTree = "<group>";
		};
		D55A4E211A0CE6E700C81C3E /* DemoPlayerTests */ = {
			isa = PBXGroup;
			children = (
				D55A4E241A0CE6E700C81C3E /* DemoPlayerTests.m */,
				D55A4E221A0CE6E700C81C3E /* Supporting Files */,
			);
			path = DemoPlayerTests;
			sourceTree = "<group>";
		};
		D55A4E221A0CE6E700C81C3E /* Supporting Files */ = {
			isa = PBXGroup;
			children = (
				D55A4E231A0CE6E700C81C3E /* Info.plist */,
			);
			name = "Supporting Files";
			sourceTree = "<group>";
		};
/* End PBXGroup section */

/* Begin PBXNativeTarget section */
		D55A4E041A0CE6E700C81C3E /* DemoPlayer */ = {
			isa = PBXNativeTarget;
			buildConfigurationList = D55A4E281A0CE6E700C81C3E /* Build configuration list for PBXNativeTarget "DemoPlayer" */;
			buildPhases = (
				D55A4E011A0CE6E700C81C3E /* Sources */,
				D55A4E021A0CE6E700C81C3E /* Frameworks */,
				D55A4E031A0CE6E700C81C3E /* Resources */,
			);
			buildRules = (
			);
			dependencies = (
			);
			name = DemoPlayer;
			productName = DemoPlayer;
			productReference = D55A4E051A0CE6E700C81C3E /* DemoPlayer.app */;
			productType = "com.apple.product-type.application";
		};
		D55A4E1D1A0CE6E700C81C3E /* DemoPlayerTests */ = {
			isa = PBXNativeTarget;
			buildConfigurationList = D55A4E2B1A0CE6E700C81C3E /* Build configuration list for PBXNativeTarget "DemoPlayerTests" */;
			buildPhases = (
				D55A4E1A1A0CE6E700C81C3E /* Sources */,
				D55A4E1B1A0CE6E700C81C3E /* Frameworks */,
				D55A4E1C1A0CE6E700C81C3E /* Resources */,
			);
			buildRules = (
			);
			dependencies = (
				D55A4E201A0CE6E700C81C3E /* PBXTargetDependency */,
			);
			name = DemoPlayerTests;
			productName = DemoPlayerTests;
			productReference = D55A4E1E1A0CE6E700C81C3E /* DemoPlayerTests.xctest */;
			productType = "com.apple.product-type.bundle.unit-test";
		};
/* End PBXNativeTarget section */

/* Begin PBXProject section */
		D55A4DFD1A0CE6E700C81C3E /* Project object */ = {
			isa = PBXProject;
			attributes = {
				LastUpgradeCheck = 0610;
				ORGANIZATIONNAME = MEDITAB;
				TargetAttributes = {
					D55A4E041A0CE6E700C81C3E = {
						CreatedOnToolsVersion = 6.1;
					};
					D55A4E1D1A0CE6E700C81C3E = {
						CreatedOnToolsVersion = 6.1;
						TestTargetID = D55A4E041A0CE6E700C81C3E;
					};
				};
			};
			buildConfigurationList = D55A4E001A0CE6E700C81C3E /* Build configuration list for PBXProject "DemoPlayer" */;
			compatibilityVersion = "Xcode 3.2";
			developmentRegion = English;
			hasScannedForEncodings = 0;
			knownRegions = (
				en,
				Base,
			);
			mainGroup = D55A4DFC1A0CE6E700C81C3E;
			productRefGroup = D55A4E061A0CE6E700C81C3E /* Products */;
			projectDirPath = "";
			projectRoot = "";
			targets = (
				D55A4E041A0CE6E700C81C3E /* DemoPlayer */,
				D55A4E1D1A0CE6E700C81C3E /* DemoPlayerTests */,
			);
		};
/* End PBXProject section */

/* Begin PBXResourcesBuildPhase section */
		D55A4E031A0CE6E700C81C3E /* Resources */ = {
			isa = PBXResourcesBuildPhase;
			buildActionMask = 2147483647;
			files = (
				D55A4E141A0CE6E700C81C3E /* Main.storyboard in Resources */,
				D55A4E191A0CE6E700C81C3E /* LaunchScreen.xib in Resources */,
				D55A4E161A0CE6E700C81C3E /* Images.xcassets in Resources */,
			);
			runOnlyForDeploymentPostprocessing = 0;
		};
		D55A4E1C1A0CE6E700C81C3E /* Resources */ = {
			isa = PBXResourcesBuildPhase;
			buildActionMask = 2147483647;
			files = (
			);
			runOnlyForDeploymentPostprocessing = 0;
		};
/* End PBXResourcesBuildPhase section */

/* Begin PBXSourcesBuildPhase section */
		D55A4E011A0CE6E700C81C3E /* Sources */ = {
			isa = PBXSourcesBuildPhase;
			buildActionMask = 2147483647;
			files = (
				D55A4E111A0CE6E700C81C3E /* ViewController.m in Sources */,
				D55A4E0E1A0CE6E700C81C3E /* AppDelegate.m in Sources */,
				D55A4E0B1A0CE6E700C81C3E /* main.m in Sources */,
			);
			runOnlyForDeploymentPostprocessing = 0;
		};
		D55A4E1A1A0CE6E700C81C3E /* Sources */ = {
			isa = PBXSourcesBuildPhase;
			buildActionMask = 2147483647;
			files = (
				D55A4E251A0CE6E700C81C3E /* DemoPlayerTests.m in Sources */,
			);
			runOnlyForDeploymentPostprocessing = 0;
		};
/* End PBXSourcesBuildPhase section */

/* Begin PBXTargetDependency section */
		D55A4E201A0CE6E700C81C3E /* PBXTargetDependency */ = {
			isa = PBXTargetDependency;
			target = D55A4E041A0CE6E700C81C3E /* DemoPlayer */;
			targetProxy = D55A4E1F1A0CE6E700C81C3E /* PBXContainerItemProxy */;
		};
/* End PBXTargetDependency section */

/* Begin PBXVariantGroup section */
		D55A4E121A0CE6E700C81C3E /* Main.storyboard */ = {
			isa = PBXVariantGroup;
			children = (
				D55A4E131A0CE6E700C81C3E /* Base */,
			);
			name = Main.storyboard;
			sourceTree = "<group>";
		};
		D55A4E171A0CE6E700C81C3E /* LaunchScreen.xib */ = {
			isa = PBXVariantGroup;
			children = (
				D55A4E181A0CE6E700C81C3E /* Base */,
			);
			name = LaunchScreen.xib;
			sourceTree = "<group>";
		};
/* End PBXVariantGroup section */

/* Begin XCBuildConfiguration section */
		D55A4E261A0CE6E700C81C3E /* Debug */ = {
			isa = XCBuildConfiguration;
			buildSettings = {
				ALWAYS_SEARCH_USER_PATHS = NO;
				CLANG_CXX_LANGUAGE_STANDARD = "gnu++0x";
				CLANG_CXX_LIBRARY = "libc++";
				CLANG_ENABLE_MODULES = YES;
				CLANG_ENABLE_OBJC_ARC = YES;
				CLANG_WARN_BOOL_CONVERSION = YES;
				CLANG_WARN_CONSTANT_CONVERSION = YES;
				CLANG_WARN_DIRECT_OBJC_ISA_USAGE = YES_ERROR;
				CLANG_WARN_EMPTY_BODY = YES;
				CLANG_WARN_ENUM_CONVERSION = YES;
				CLANG_WARN_INT_CONVERSION = YES;
				CLANG_WARN_OBJC_ROOT_CLASS = YES_ERROR;
				CLANG_WARN_UNREACHABLE_CODE = YES;
				CLANG_WARN__DUPLICATE_METHOD_MATCH = YES;
				"CODE_SIGN_IDENTITY[sdk=iphoneos*]" = "iPhone Developer";
				COPY_PHASE_STRIP = NO;
				ENABLE_STRICT_OBJC_MSGSEND = YES;
				GCC_C_LANGUAGE_STANDARD = gnu99;
				GCC_DYNAMIC_NO_PIC = NO;
				GCC_OPTIMIZATION_LEVEL = 0;
				GCC_PREPROCESSOR_DEFINITIONS = (
					"DEBUG=1",
					"$(inherited)",
				);
				GCC_SYMBOLS_PRIVATE_EXTERN = NO;
				GCC_WARN_64_TO_32_BIT_CONVERSION = YES;
				GCC_WARN_ABOUT_RETURN_TYPE = YES_ERROR;
				GCC_WARN_UNDECLARED_SELECTOR = YES;
				GCC_WARN_UNINITIALIZED_AUTOS = YES_AGGRESSIVE;
				GCC_WARN_UNUSED_FUNCTION = YES;
				GCC_WARN_UNUSED_VARIABLE = YES;
				IPHONEOS_DEPLOYMENT_TARGET = 8.1;
				MTL_ENABLE_DEBUG_INFO = YES;
				ONLY_ACTIVE_ARCH = YES;
				SDKROOT = iphoneos;
				TARGETED_DEVICE_FAMILY = "1,2";
			};
			name = Debug;
		};
		D55A4E271A0CE6E700C81C3E /* Release */ = {
			isa = XCBuildConfiguration;
			buildSettings = {
				ALWAYS_SEARCH_USER_PATHS = NO;
				CLANG_CXX_LANGUAGE_STANDARD = "gnu++0x";
				CLANG_CXX_LIBRARY = "libc++";
				CLANG_ENABLE_MODULES = YES;
				CLANG_ENABLE_OBJC_ARC = YES;
				CLANG_WARN_BOOL_CONVERSION = YES;
				CLANG_WARN_CONSTANT_CONVERSION = YES;
				CLANG_WARN_DIRECT_OBJC_ISA_USAGE = YES_ERROR;
				CLANG_WARN_EMPTY_BODY = YES;
				CLANG_WARN_ENUM_CONVERSION = YES;
				CLANG_WARN_INT_CONVERSION = YES;
				CLANG_WARN_OBJC_ROOT_CLASS = YES_ERROR;
				CLANG_WARN_UNREACHABLE_CODE = YES;
				CLANG_WARN__DUPLICATE_METHOD_MATCH = YES;
				"CODE_SIGN_IDENTITY[sdk=iphoneos*]" = "iPhone Developer";
				COPY_PHASE_STRIP = YES;
				ENABLE_NS_ASSERTIONS = NO;
				ENABLE_STRICT_OBJC_MSGSEND = YES;
				GCC_C_LANGUAGE_STANDARD = gnu99;
				GCC_WARN_64_TO_32_BIT_CONVERSION = YES;
				GCC_WARN_ABOUT_RETURN_TYPE = YES_ERROR;
				GCC_WARN_UNDECLARED_SELECTOR = YES;
				GCC_WARN_UNINITIALIZED_AUTOS = YES_AGGRESSIVE;
				GCC_WARN_UNUSED_FUNCTION = YES;
				GCC_WARN_UNUSED_VARIABLE = YES;
				IPHONEOS_DEPLOYMENT_TARGET = 8.1;
				MTL_ENABLE_DEBUG_INFO = NO;
				SDKROOT = iphoneos;
				TARGETED_DEVICE_FAMILY = "1,2";
				VALIDATE_PRODUCT = YES;
			};
			name = Release;
		};
		D55A4E291A0CE6E700C81C3E /* Debug */ = {
			isa = XCBuildConfiguration;
			buildSettings = {
				ASSETCATALOG_COMPILER_APPICON_NAME = AppIcon;
				INFOPLIST_FILE = DemoPlayer/Info.plist;
				LD_RUNPATH_SEARCH_PATHS = "$(inherited) @executable_path/Frameworks";
				PRODUCT_NAME = "$(TARGET_NAME)";
			};
			name = Debug;
		};
		D55A4E2A1A0CE6E700C81C3E /* Release */ = {
			isa = XCBuildConfiguration;
			buildSettings = {
				ASSETCATALOG_COMPILER_APPICON_NAME = AppIcon;
				INFOPLIST_FILE = DemoPlayer/Info.plist;
				LD_RUNPATH_SEARCH_PATHS = "$(inherited) @executable_path/Frameworks";
				PRODUCT_NAME = "$(TARGET_NAME)";
			};
			name = Release;
		};
		D55A4E2C1A0CE6E700C81C3E /* Debug */ = {
			isa = XCBuildConfiguration;
			buildSettings = {
				BUNDLE_LOADER = "$(TEST_HOST)";
				FRAMEWORK_SEARCH_PATHS = (
					"$(SDKROOT)/Developer/Library/Frameworks",
					"$(inherited)",
				);
				GCC_PREPROCESSOR_DEFINITIONS = (
					"DEBUG=1",
					"$(inherited)",
				);
				INFOPLIST_FILE = DemoPlayerTests/Info.plist;
				LD_RUNPATH_SEARCH_PATHS = "$(inherited) @executable_path/Frameworks @loader_path/Frameworks";
				PRODUCT_NAME = "$(TARGET_NAME)";
				TEST_HOST = "$(BUILT_PRODUCTS_DIR)/DemoPlayer.app/DemoPlayer";
			};
			name = Debug;
		};
		D55A4E2D1A0CE6E700C81C3E /* Release */ = {
			isa = XCBuildConfiguration;
			buildSettings = {
				BUNDLE_LOADER = "$(TEST_HOST)";
				FRAMEWORK_SEARCH_PATHS = (
					"$(SDKROOT)/Developer/Library/Frameworks",
					"$(inherited)",
				);
				INFOPLIST_FILE = DemoPlayerTests/Info.plist;
				LD_RUNPATH_SEARCH_PATHS = "$(inherited) @executable_path/Frameworks @loader_path/Frameworks";
				PRODUCT_NAME = "$(TARGET_NAME)";
				TEST_HOST = "$(BUILT_PRODUCTS_DIR)/DemoPlayer.app/DemoPlayer";
			};
			name = Release;
		};
/* End XCBuildConfiguration section */

/* Begin XCConfigurationList section */
		D55A4E001A0CE6E700C81C3E /* Build configuration list for PBXProject "DemoPlayer" */ = {
			isa = XCConfigurationList;
			buildConfigurations = (
				D55A4E261A0CE6E700C81C3E /* Debug */,
				D55A4E271A0CE6E700C81C3E /* Release */,
			);
			defaultConfigurationIsVisible = 0;
			defaultConfigurationName = Release;
		};
		D55A4E281A0CE6E700C81C3E /* Build configuration list for PBXNativeTarget "DemoPlayer" */ = {
			isa = XCConfigurationList;
			buildConfigurations = (
				D55A4E291A0CE6E700C81C3E /* Debug */,
				D55A4E2A1A0CE6E700C81C3E /* Release */,
			);
			defaultConfigurationIsVisible = 0;
		};
		D55A4E2B1A0CE6E700C81C3E /* Build configuration list for PBXNativeTarget "DemoPlayerTests" */ = {
			isa = XCConfigurationList;
			buildConfigurations = (
				D55A4E2C1A0CE6E700C81C3E /* Debug */,
				D55A4E2D1A0CE6E700C81C3E /* Release */,
			);
			defaultConfigurationIsVisible = 0;
		};
/* End XCConfigurationList section */
	};
	rootObject = D55A4DFD1A0CE6E700C81C3E /* Project object */;
}
